PODS:
  - UQPAYSDK (1.0.1):
    - UQPAYSDK/UQPAY_SDK (= 1.0.1)
  - UQPAYSDK/UQPAY_SDK (1.0.1)

DEPENDENCIES:
  - UQPAYSDK (from `./`)

EXTERNAL SOURCES:
  UQPAYSDK:
    :path: "./"

SPEC CHECKSUMS:
  UQPAYSDK: 6be752a1ba21a503528f974817e44ede2f8aa007

PODFILE CHECKSUM: 0446ce6cda9870f0de8b35e32a238522758644c6

COCOAPODS: 1.7.5
