// !$*UTF8*$!
{
	archiveVersion = 1;
	classes = {
	};
	objectVersion = 50;
	objects = {

/* Begin PBXBuildFile section */
		AB9C432B2303A36B00E42DF4 /* AppDelegate.m in Sources */ = {isa = PBXBuildFile; fileRef = AB9C432A2303A36B00E42DF4 /* AppDelegate.m */; };
		AB9C432E2303A36B00E42DF4 /* ViewController.m in Sources */ = {isa = PBXBuildFile; fileRef = AB9C432D2303A36B00E42DF4 /* ViewController.m */; };
		AB9C43312303A36B00E42DF4 /* Main.storyboard in Resources */ = {isa = PBXBuildFile; fileRef = AB9C432F2303A36B00E42DF4 /* Main.storyboard */; };
		AB9C43332303A36D00E42DF4 /* Assets.xcassets in Resources */ = {isa = PBXBuildFile; fileRef = AB9C43322303A36D00E42DF4 /* Assets.xcassets */; };
		AB9C43362303A36D00E42DF4 /* LaunchScreen.storyboard in Resources */ = {isa = PBXBuildFile; fileRef = AB9C43342303A36D00E42DF4 /* LaunchScreen.storyboard */; };
		AB9C43392303A36D00E42DF4 /* main.m in Sources */ = {isa = PBXBuildFile; fileRef = AB9C43382303A36D00E42DF4 /* main.m */; };
		AB9C435D2303A74900E42DF4 /* UQPAYSDK.h in Headers */ = {isa = PBXBuildFile; fileRef = AB9C435B2303A74900E42DF4 /* UQPAYSDK.h */; settings = {ATTRIBUTES = (Public, ); }; };
		AB9C43662303ECF600E42DF4 /* EnvEnum.h in Headers */ = {isa = PBXBuildFile; fileRef = AB9C43652303ECF600E42DF4 /* EnvEnum.h */; settings = {ATTRIBUTES = (Public, ); }; };
		AB9C43682303EE6A00E42DF4 /* ScenesEnum.h in Headers */ = {isa = PBXBuildFile; fileRef = AB9C43672303EE6A00E42DF4 /* ScenesEnum.h */; settings = {ATTRIBUTES = (Public, ); }; };
		AB9C436D2303F0B900E42DF4 /* UQPayApi.h in Headers */ = {isa = PBXBuildFile; fileRef = AB9C436B2303F0B900E42DF4 /* UQPayApi.h */; settings = {ATTRIBUTES = (Public, ); }; };
		AB9C43702303F1BE00E42DF4 /* CFNetwork.framework in Frameworks */ = {isa = PBXBuildFile; fileRef = AB9C436F2303F1BE00E42DF4 /* CFNetwork.framework */; };
		AB9C43722303F1CD00E42DF4 /* SystemConfiguration.framework in Frameworks */ = {isa = PBXBuildFile; fileRef = AB9C43712303F1CD00E42DF4 /* SystemConfiguration.framework */; };
		AB9C43772304072F00E42DF4 /* OrderInfo.h in Headers */ = {isa = PBXBuildFile; fileRef = AB9C43752304072F00E42DF4 /* OrderInfo.h */; settings = {ATTRIBUTES = (Public, ); }; };
		AB9C437B2305012500E42DF4 /* OrderInfo.m in Sources */ = {isa = PBXBuildFile; fileRef = AB9C43762304072F00E42DF4 /* OrderInfo.m */; };
		AB9C437C2305012500E42DF4 /* UQPayApi.m in Sources */ = {isa = PBXBuildFile; fileRef = AB9C436C2303F0B900E42DF4 /* UQPayApi.m */; };
		AB9C43812305062D00E42DF4 /* Security.framework in Frameworks */ = {isa = PBXBuildFile; fileRef = AB9C43802305062C00E42DF4 /* Security.framework */; };
		AB9C43832305063700E42DF4 /* LocalAuthentication.framework in Frameworks */ = {isa = PBXBuildFile; fileRef = AB9C43822305063700E42DF4 /* LocalAuthentication.framework */; };
		AB9C43A623050D0700E42DF4 /* libc++.tbd in Frameworks */ = {isa = PBXBuildFile; fileRef = AB9C43A023050B6600E42DF4 /* libc++.tbd */; };
		AB9C43A723050D1500E42DF4 /* libz.tbd in Frameworks */ = {isa = PBXBuildFile; fileRef = AB9C43732303F1D800E42DF4 /* libz.tbd */; };
		AB9C43AA23050E3900E42DF4 /* UQPAYSDK.framework in Frameworks */ = {isa = PBXBuildFile; fileRef = AB9C43592303A74900E42DF4 /* UQPAYSDK.framework */; };
		AB9C43B3230642EE00E42DF4 /* UPPaymentControl.h in Headers */ = {isa = PBXBuildFile; fileRef = AB9C43632303EB7F00E42DF4 /* UPPaymentControl.h */; };
		AB9C43B4230642FB00E42DF4 /* libPaymentControl.a in Frameworks */ = {isa = PBXBuildFile; fileRef = AB9C43612303EB7800E42DF4 /* libPaymentControl.a */; };
		AB9C43E42306811E00E42DF4 /* UQPAYSDK.framework in Frameworks */ = {isa = PBXBuildFile; fileRef = AB9C43E32306811E00E42DF4 /* UQPAYSDK.framework */; };
		B16AF5D39FAEB2387522B772 /* Pods_UQPAYSDK.framework in Frameworks */ = {isa = PBXBuildFile; fileRef = 57D883E4CE629298CCB3EB80 /* Pods_UQPAYSDK.framework */; };
		FAF338D49F461A383F3A06A3 /* Pods_UQPAY_SDK_Project.framework in Frameworks */ = {isa = PBXBuildFile; fileRef = 7F68017822CE56DD867D82CD /* Pods_UQPAY_SDK_Project.framework */; };
/* End PBXBuildFile section */

/* Begin PBXCopyFilesBuildPhase section */
		AB9C43872305067600E42DF4 /* CopyFiles */ = {
			isa = PBXCopyFilesBuildPhase;
			buildActionMask = 2147483647;
			dstPath = "";
			dstSubfolderSpec = 10;
			files = (
			);
			runOnlyForDeploymentPostprocessing = 0;
		};
/* End PBXCopyFilesBuildPhase section */

/* Begin PBXFileReference section */
		2E770BC419ADB1C3B1C756EF /* Pods-UQPAY_SDK.debug.xcconfig */ = {isa = PBXFileReference; includeInIndex = 1; lastKnownFileType = text.xcconfig; name = "Pods-UQPAY_SDK.debug.xcconfig"; path = "Target Support Files/Pods-UQPAY_SDK/Pods-UQPAY_SDK.debug.xcconfig"; sourceTree = "<group>"; };
		4578A395CA1A4FE7E56CC2D6 /* Pods-UQPAY_SDK.release.xcconfig */ = {isa = PBXFileReference; includeInIndex = 1; lastKnownFileType = text.xcconfig; name = "Pods-UQPAY_SDK.release.xcconfig"; path = "Target Support Files/Pods-UQPAY_SDK/Pods-UQPAY_SDK.release.xcconfig"; sourceTree = "<group>"; };
		57D883E4CE629298CCB3EB80 /* Pods_UQPAYSDK.framework */ = {isa = PBXFileReference; explicitFileType = wrapper.framework; includeInIndex = 0; path = Pods_UQPAYSDK.framework; sourceTree = BUILT_PRODUCTS_DIR; };
		7F68017822CE56DD867D82CD /* Pods_UQPAY_SDK_Project.framework */ = {isa = PBXFileReference; explicitFileType = wrapper.framework; includeInIndex = 0; path = Pods_UQPAY_SDK_Project.framework; sourceTree = BUILT_PRODUCTS_DIR; };
		8B2D1C12AA5FEB199393C1BC /* Pods-UQPAYSDK.release.xcconfig */ = {isa = PBXFileReference; includeInIndex = 1; lastKnownFileType = text.xcconfig; name = "Pods-UQPAYSDK.release.xcconfig"; path = "Target Support Files/Pods-UQPAYSDK/Pods-UQPAYSDK.release.xcconfig"; sourceTree = "<group>"; };
		AB9C43262303A36B00E42DF4 /* UQPAY_SDK_Project.app */ = {isa = PBXFileReference; explicitFileType = wrapper.application; includeInIndex = 0; path = UQPAY_SDK_Project.app; sourceTree = BUILT_PRODUCTS_DIR; };
		AB9C43292303A36B00E42DF4 /* AppDelegate.h */ = {isa = PBXFileReference; lastKnownFileType = sourcecode.c.h; path = AppDelegate.h; sourceTree = "<group>"; };
		AB9C432A2303A36B00E42DF4 /* AppDelegate.m */ = {isa = PBXFileReference; lastKnownFileType = sourcecode.c.objc; path = AppDelegate.m; sourceTree = "<group>"; };
		AB9C432C2303A36B00E42DF4 /* ViewController.h */ = {isa = PBXFileReference; lastKnownFileType = sourcecode.c.h; path = ViewController.h; sourceTree = "<group>"; };
		AB9C432D2303A36B00E42DF4 /* ViewController.m */ = {isa = PBXFileReference; lastKnownFileType = sourcecode.c.objc; path = ViewController.m; sourceTree = "<group>"; };
		AB9C43302303A36B00E42DF4 /* Base */ = {isa = PBXFileReference; lastKnownFileType = file.storyboard; name = Base; path = Base.lproj/Main.storyboard; sourceTree = "<group>"; };
		AB9C43322303A36D00E42DF4 /* Assets.xcassets */ = {isa = PBXFileReference; lastKnownFileType = folder.assetcatalog; path = Assets.xcassets; sourceTree = "<group>"; };
		AB9C43352303A36D00E42DF4 /* Base */ = {isa = PBXFileReference; lastKnownFileType = file.storyboard; name = Base; path = Base.lproj/LaunchScreen.storyboard; sourceTree = "<group>"; };
		AB9C43372303A36D00E42DF4 /* Info.plist */ = {isa = PBXFileReference; lastKnownFileType = text.plist.xml; path = Info.plist; sourceTree = "<group>"; };
		AB9C43382303A36D00E42DF4 /* main.m */ = {isa = PBXFileReference; lastKnownFileType = sourcecode.c.objc; path = main.m; sourceTree = "<group>"; };
		AB9C43592303A74900E42DF4 /* UQPAYSDK.framework */ = {isa = PBXFileReference; explicitFileType = wrapper.framework; includeInIndex = 0; path = UQPAYSDK.framework; sourceTree = BUILT_PRODUCTS_DIR; };
		AB9C435B2303A74900E42DF4 /* UQPAYSDK.h */ = {isa = PBXFileReference; lastKnownFileType = sourcecode.c.h; path = UQPAYSDK.h; sourceTree = "<group>"; };
		AB9C435C2303A74900E42DF4 /* Info.plist */ = {isa = PBXFileReference; lastKnownFileType = text.plist.xml; path = Info.plist; sourceTree = "<group>"; };
		AB9C43612303EB7800E42DF4 /* libPaymentControl.a */ = {isa = PBXFileReference; lastKnownFileType = archive.ar; path = libPaymentControl.a; sourceTree = "<group>"; };
		AB9C43632303EB7F00E42DF4 /* UPPaymentControl.h */ = {isa = PBXFileReference; fileEncoding = 4; lastKnownFileType = sourcecode.c.h; path = UPPaymentControl.h; sourceTree = "<group>"; };
		AB9C43652303ECF600E42DF4 /* EnvEnum.h */ = {isa = PBXFileReference; lastKnownFileType = sourcecode.c.h; path = EnvEnum.h; sourceTree = "<group>"; };
		AB9C43672303EE6A00E42DF4 /* ScenesEnum.h */ = {isa = PBXFileReference; lastKnownFileType = sourcecode.c.h; path = ScenesEnum.h; sourceTree = "<group>"; };
		AB9C436B2303F0B900E42DF4 /* UQPayApi.h */ = {isa = PBXFileReference; lastKnownFileType = sourcecode.c.h; path = UQPayApi.h; sourceTree = "<group>"; };
		AB9C436C2303F0B900E42DF4 /* UQPayApi.m */ = {isa = PBXFileReference; lastKnownFileType = sourcecode.c.objc; path = UQPayApi.m; sourceTree = "<group>"; };
		AB9C436F2303F1BE00E42DF4 /* CFNetwork.framework */ = {isa = PBXFileReference; lastKnownFileType = wrapper.framework; name = CFNetwork.framework; path = System/Library/Frameworks/CFNetwork.framework; sourceTree = SDKROOT; };
		AB9C43712303F1CD00E42DF4 /* SystemConfiguration.framework */ = {isa = PBXFileReference; lastKnownFileType = wrapper.framework; name = SystemConfiguration.framework; path = System/Library/Frameworks/SystemConfiguration.framework; sourceTree = SDKROOT; };
		AB9C43732303F1D800E42DF4 /* libz.tbd */ = {isa = PBXFileReference; lastKnownFileType = "sourcecode.text-based-dylib-definition"; name = libz.tbd; path = usr/lib/libz.tbd; sourceTree = SDKROOT; };
		AB9C43752304072F00E42DF4 /* OrderInfo.h */ = {isa = PBXFileReference; lastKnownFileType = sourcecode.c.h; path = OrderInfo.h; sourceTree = "<group>"; };
		AB9C43762304072F00E42DF4 /* OrderInfo.m */ = {isa = PBXFileReference; lastKnownFileType = sourcecode.c.objc; path = OrderInfo.m; sourceTree = "<group>"; };
		AB9C43802305062C00E42DF4 /* Security.framework */ = {isa = PBXFileReference; lastKnownFileType = wrapper.framework; name = Security.framework; path = System/Library/Frameworks/Security.framework; sourceTree = SDKROOT; };
		AB9C43822305063700E42DF4 /* LocalAuthentication.framework */ = {isa = PBXFileReference; lastKnownFileType = wrapper.framework; name = LocalAuthentication.framework; path = System/Library/Frameworks/LocalAuthentication.framework; sourceTree = SDKROOT; };
		AB9C43A023050B6600E42DF4 /* libc++.tbd */ = {isa = PBXFileReference; lastKnownFileType = "sourcecode.text-based-dylib-definition"; name = "libc++.tbd"; path = "usr/lib/libc++.tbd"; sourceTree = SDKROOT; };
		AB9C43E32306811E00E42DF4 /* UQPAYSDK.framework */ = {isa = PBXFileReference; lastKnownFileType = wrapper.framework; path = UQPAYSDK.framework; sourceTree = "<group>"; };
		D6804FC8343FD7D5D896C7FE /* Pods-UQPAYSDK.debug.xcconfig */ = {isa = PBXFileReference; includeInIndex = 1; lastKnownFileType = text.xcconfig; name = "Pods-UQPAYSDK.debug.xcconfig"; path = "Target Support Files/Pods-UQPAYSDK/Pods-UQPAYSDK.debug.xcconfig"; sourceTree = "<group>"; };
		D7D78C3D1EB6976960BEC592 /* Pods-UQPAY_SDK_Project.debug.xcconfig */ = {isa = PBXFileReference; includeInIndex = 1; lastKnownFileType = text.xcconfig; name = "Pods-UQPAY_SDK_Project.debug.xcconfig"; path = "Target Support Files/Pods-UQPAY_SDK_Project/Pods-UQPAY_SDK_Project.debug.xcconfig"; sourceTree = "<group>"; };
		E3D4F7EAA08EEA356F0BB5BC /* Pods-UQPAY_SDK_Project.release.xcconfig */ = {isa = PBXFileReference; includeInIndex = 1; lastKnownFileType = text.xcconfig; name = "Pods-UQPAY_SDK_Project.release.xcconfig"; path = "Target Support Files/Pods-UQPAY_SDK_Project/Pods-UQPAY_SDK_Project.release.xcconfig"; sourceTree = "<group>"; };
/* End PBXFileReference section */

/* Begin PBXFrameworksBuildPhase section */
		AB9C43232303A36B00E42DF4 /* Frameworks */ = {
			isa = PBXFrameworksBuildPhase;
			buildActionMask = 2147483647;
			files = (
				AB9C43AA23050E3900E42DF4 /* UQPAYSDK.framework in Frameworks */,
				AB9C43A723050D1500E42DF4 /* libz.tbd in Frameworks */,
				AB9C43E42306811E00E42DF4 /* UQPAYSDK.framework in Frameworks */,
				AB9C43A623050D0700E42DF4 /* libc++.tbd in Frameworks */,
				FAF338D49F461A383F3A06A3 /* Pods_UQPAY_SDK_Project.framework in Frameworks */,
			);
			runOnlyForDeploymentPostprocessing = 0;
		};
		AB9C43562303A74900E42DF4 /* Frameworks */ = {
			isa = PBXFrameworksBuildPhase;
			buildActionMask = 2147483647;
			files = (
				AB9C43832305063700E42DF4 /* LocalAuthentication.framework in Frameworks */,
				AB9C43812305062D00E42DF4 /* Security.framework in Frameworks */,
				AB9C43722303F1CD00E42DF4 /* SystemConfiguration.framework in Frameworks */,
				AB9C43702303F1BE00E42DF4 /* CFNetwork.framework in Frameworks */,
				AB9C43B4230642FB00E42DF4 /* libPaymentControl.a in Frameworks */,
				B16AF5D39FAEB2387522B772 /* Pods_UQPAYSDK.framework in Frameworks */,
			);
			runOnlyForDeploymentPostprocessing = 0;
		};
/* End PBXFrameworksBuildPhase section */

/* Begin PBXGroup section */
		AB9C431D2303A36B00E42DF4 = {
			isa = PBXGroup;
			children = (
				AB9C43E32306811E00E42DF4 /* UQPAYSDK.framework */,
				AB9C43282303A36B00E42DF4 /* UQPAY_SDK_Project */,
				AB9C435A2303A74900E42DF4 /* UQPAYSDK */,
				AB9C43272303A36B00E42DF4 /* Products */,
				C57014DB4989207E4DA3E075 /* Pods */,
				B89674B26CCDB15A652D422F /* Frameworks */,
			);
			sourceTree = "<group>";
		};
		AB9C43272303A36B00E42DF4 /* Products */ = {
			isa = PBXGroup;
			children = (
				AB9C43262303A36B00E42DF4 /* UQPAY_SDK_Project.app */,
				AB9C43592303A74900E42DF4 /* UQPAYSDK.framework */,
			);
			name = Products;
			sourceTree = "<group>";
		};
		AB9C43282303A36B00E42DF4 /* UQPAY_SDK_Project */ = {
			isa = PBXGroup;
			children = (
				AB9C43292303A36B00E42DF4 /* AppDelegate.h */,
				AB9C432A2303A36B00E42DF4 /* AppDelegate.m */,
				AB9C432C2303A36B00E42DF4 /* ViewController.h */,
				AB9C432D2303A36B00E42DF4 /* ViewController.m */,
				AB9C432F2303A36B00E42DF4 /* Main.storyboard */,
				AB9C43322303A36D00E42DF4 /* Assets.xcassets */,
				AB9C43342303A36D00E42DF4 /* LaunchScreen.storyboard */,
				AB9C43372303A36D00E42DF4 /* Info.plist */,
				AB9C43382303A36D00E42DF4 /* main.m */,
			);
			path = UQPAY_SDK_Project;
			sourceTree = "<group>";
		};
		AB9C435A2303A74900E42DF4 /* UQPAYSDK */ = {
			isa = PBXGroup;
			children = (
				AB9C43612303EB7800E42DF4 /* libPaymentControl.a */,
				AB9C43792304114600E42DF4 /* private */,
				AB9C436A2303EE8B00E42DF4 /* libs */,
				AB9C43692303EE7700E42DF4 /* Public */,
				AB9C435C2303A74900E42DF4 /* Info.plist */,
			);
			path = UQPAYSDK;
			sourceTree = "<group>";
		};
		AB9C43692303EE7700E42DF4 /* Public */ = {
			isa = PBXGroup;
			children = (
				AB9C435B2303A74900E42DF4 /* UQPAYSDK.h */,
				AB9C43652303ECF600E42DF4 /* EnvEnum.h */,
				AB9C43672303EE6A00E42DF4 /* ScenesEnum.h */,
				AB9C436B2303F0B900E42DF4 /* UQPayApi.h */,
				AB9C43752304072F00E42DF4 /* OrderInfo.h */,
			);
			path = Public;
			sourceTree = "<group>";
		};
		AB9C436A2303EE8B00E42DF4 /* libs */ = {
			isa = PBXGroup;
			children = (
				AB9C43632303EB7F00E42DF4 /* UPPaymentControl.h */,
			);
			path = libs;
			sourceTree = "<group>";
		};
		AB9C43792304114600E42DF4 /* private */ = {
			isa = PBXGroup;
			children = (
				AB9C43762304072F00E42DF4 /* OrderInfo.m */,
				AB9C436C2303F0B900E42DF4 /* UQPayApi.m */,
			);
			path = private;
			sourceTree = "<group>";
		};
		B89674B26CCDB15A652D422F /* Frameworks */ = {
			isa = PBXGroup;
			children = (
				AB9C43A023050B6600E42DF4 /* libc++.tbd */,
				AB9C43822305063700E42DF4 /* LocalAuthentication.framework */,
				AB9C43802305062C00E42DF4 /* Security.framework */,
				AB9C43732303F1D800E42DF4 /* libz.tbd */,
				AB9C43712303F1CD00E42DF4 /* SystemConfiguration.framework */,
				AB9C436F2303F1BE00E42DF4 /* CFNetwork.framework */,
				57D883E4CE629298CCB3EB80 /* Pods_UQPAYSDK.framework */,
				7F68017822CE56DD867D82CD /* Pods_UQPAY_SDK_Project.framework */,
			);
			name = Frameworks;
			sourceTree = "<group>";
		};
		C57014DB4989207E4DA3E075 /* Pods */ = {
			isa = PBXGroup;
			children = (
				2E770BC419ADB1C3B1C756EF /* Pods-UQPAY_SDK.debug.xcconfig */,
				4578A395CA1A4FE7E56CC2D6 /* Pods-UQPAY_SDK.release.xcconfig */,
				D6804FC8343FD7D5D896C7FE /* Pods-UQPAYSDK.debug.xcconfig */,
				8B2D1C12AA5FEB199393C1BC /* Pods-UQPAYSDK.release.xcconfig */,
				D7D78C3D1EB6976960BEC592 /* Pods-UQPAY_SDK_Project.debug.xcconfig */,
				E3D4F7EAA08EEA356F0BB5BC /* Pods-UQPAY_SDK_Project.release.xcconfig */,
			);
			path = Pods;
			sourceTree = "<group>";
		};
/* End PBXGroup section */

/* Begin PBXHeadersBuildPhase section */
		AB9C43542303A74900E42DF4 /* Headers */ = {
			isa = PBXHeadersBuildPhase;
			buildActionMask = 2147483647;
			files = (
				AB9C436D2303F0B900E42DF4 /* UQPayApi.h in Headers */,
				AB9C435D2303A74900E42DF4 /* UQPAYSDK.h in Headers */,
				AB9C43682303EE6A00E42DF4 /* ScenesEnum.h in Headers */,
				AB9C43662303ECF600E42DF4 /* EnvEnum.h in Headers */,
				AB9C43772304072F00E42DF4 /* OrderInfo.h in Headers */,
				AB9C43B3230642EE00E42DF4 /* UPPaymentControl.h in Headers */,
			);
			runOnlyForDeploymentPostprocessing = 0;
		};
/* End PBXHeadersBuildPhase section */

/* Begin PBXNativeTarget section */
		AB9C43252303A36B00E42DF4 /* UQPAY_SDK_Project */ = {
			isa = PBXNativeTarget;
			buildConfigurationList = AB9C433C2303A36D00E42DF4 /* Build configuration list for PBXNativeTarget "UQPAY_SDK_Project" */;
			buildPhases = (
				8E0932CFEB20975A4891F740 /* [CP] Check Pods Manifest.lock */,
				AB9C43222303A36B00E42DF4 /* Sources */,
				AB9C43232303A36B00E42DF4 /* Frameworks */,
				AB9C43242303A36B00E42DF4 /* Resources */,
			);
			buildRules = (
			);
			dependencies = (
			);
			name = UQPAY_SDK_Project;
			productName = UQPAY_SDK_Project;
			productReference = AB9C43262303A36B00E42DF4 /* UQPAY_SDK_Project.app */;
			productType = "com.apple.product-type.application";
		};
		AB9C43582303A74900E42DF4 /* UQPAYSDK */ = {
			isa = PBXNativeTarget;
			buildConfigurationList = AB9C43602303A74900E42DF4 /* Build configuration list for PBXNativeTarget "UQPAYSDK" */;
			buildPhases = (
				49A320D1FA02CE718753ADA1 /* [CP] Check Pods Manifest.lock */,
				AB9C43542303A74900E42DF4 /* Headers */,
				AB9C43552303A74900E42DF4 /* Sources */,
				AB9C43562303A74900E42DF4 /* Frameworks */,
				AB9C43572303A74900E42DF4 /* Resources */,
				AB9C43872305067600E42DF4 /* CopyFiles */,
			);
			buildRules = (
			);
			dependencies = (
			);
			name = UQPAYSDK;
			productName = UQPAY_SDK;
			productReference = AB9C43592303A74900E42DF4 /* UQPAYSDK.framework */;
			productType = "com.apple.product-type.framework";
		};
/* End PBXNativeTarget section */

/* Begin PBXProject section */
		AB9C431E2303A36B00E42DF4 /* Project object */ = {
			isa = PBXProject;
			attributes = {
				LastUpgradeCheck = 1030;
				ORGANIZATIONNAME = "优钱付";
				TargetAttributes = {
					AB9C43252303A36B00E42DF4 = {
						CreatedOnToolsVersion = 10.3;
					};
					AB9C43582303A74900E42DF4 = {
						CreatedOnToolsVersion = 10.3;
					};
				};
			};
			buildConfigurationList = AB9C43212303A36B00E42DF4 /* Build configuration list for PBXProject "UQPAY_SDK_Project" */;
			compatibilityVersion = "Xcode 9.3";
			developmentRegion = en;
			hasScannedForEncodings = 0;
			knownRegions = (
				en,
				Base,
			);
			mainGroup = AB9C431D2303A36B00E42DF4;
			productRefGroup = AB9C43272303A36B00E42DF4 /* Products */;
			projectDirPath = "";
			projectRoot = "";
			targets = (
				AB9C43252303A36B00E42DF4 /* UQPAY_SDK_Project */,
				AB9C43582303A74900E42DF4 /* UQPAYSDK */,
			);
		};
/* End PBXProject section */

/* Begin PBXResourcesBuildPhase section */
		AB9C43242303A36B00E42DF4 /* Resources */ = {
			isa = PBXResourcesBuildPhase;
			buildActionMask = 2147483647;
			files = (
				AB9C43362303A36D00E42DF4 /* LaunchScreen.storyboard in Resources */,
				AB9C43332303A36D00E42DF4 /* Assets.xcassets in Resources */,
				AB9C43312303A36B00E42DF4 /* Main.storyboard in Resources */,
			);
			runOnlyForDeploymentPostprocessing = 0;
		};
		AB9C43572303A74900E42DF4 /* Resources */ = {
			isa = PBXResourcesBuildPhase;
			buildActionMask = 2147483647;
			files = (
			);
			runOnlyForDeploymentPostprocessing = 0;
		};
/* End PBXResourcesBuildPhase section */

/* Begin PBXShellScriptBuildPhase section */
		49A320D1FA02CE718753ADA1 /* [CP] Check Pods Manifest.lock */ = {
			isa = PBXShellScriptBuildPhase;
			buildActionMask = 2147483647;
			files = (
			);
			inputFileListPaths = (
			);
			inputPaths = (
				"${PODS_PODFILE_DIR_PATH}/Podfile.lock",
				"${PODS_ROOT}/Manifest.lock",
			);
			name = "[CP] Check Pods Manifest.lock";
			outputFileListPaths = (
			);
			outputPaths = (
				"$(DERIVED_FILE_DIR)/Pods-UQPAYSDK-checkManifestLockResult.txt",
			);
			runOnlyForDeploymentPostprocessing = 0;
			shellPath = /bin/sh;
			shellScript = "diff \"${PODS_PODFILE_DIR_PATH}/Podfile.lock\" \"${PODS_ROOT}/Manifest.lock\" > /dev/null\nif [ $? != 0 ] ; then\n    # print error to STDERR\n    echo \"error: The sandbox is not in sync with the Podfile.lock. Run 'pod install' or update your CocoaPods installation.\" >&2\n    exit 1\nfi\n# This output is used by Xcode 'outputs' to avoid re-running this script phase.\necho \"SUCCESS\" > \"${SCRIPT_OUTPUT_FILE_0}\"\n";
			showEnvVarsInLog = 0;
		};
		8E0932CFEB20975A4891F740 /* [CP] Check Pods Manifest.lock */ = {
			isa = PBXShellScriptBuildPhase;
			buildActionMask = 2147483647;
			files = (
			);
			inputFileListPaths = (
			);
			inputPaths = (
				"${PODS_PODFILE_DIR_PATH}/Podfile.lock",
				"${PODS_ROOT}/Manifest.lock",
			);
			name = "[CP] Check Pods Manifest.lock";
			outputFileListPaths = (
			);
			outputPaths = (
				"$(DERIVED_FILE_DIR)/Pods-UQPAY_SDK_Project-checkManifestLockResult.txt",
			);
			runOnlyForDeploymentPostprocessing = 0;
			shellPath = /bin/sh;
			shellScript = "diff \"${PODS_PODFILE_DIR_PATH}/Podfile.lock\" \"${PODS_ROOT}/Manifest.lock\" > /dev/null\nif [ $? != 0 ] ; then\n    # print error to STDERR\n    echo \"error: The sandbox is not in sync with the Podfile.lock. Run 'pod install' or update your CocoaPods installation.\" >&2\n    exit 1\nfi\n# This output is used by Xcode 'outputs' to avoid re-running this script phase.\necho \"SUCCESS\" > \"${SCRIPT_OUTPUT_FILE_0}\"\n";
			showEnvVarsInLog = 0;
		};
/* End PBXShellScriptBuildPhase section */

/* Begin PBXSourcesBuildPhase section */
		AB9C43222303A36B00E42DF4 /* Sources */ = {
			isa = PBXSourcesBuildPhase;
			buildActionMask = 2147483647;
			files = (
				AB9C432E2303A36B00E42DF4 /* ViewController.m in Sources */,
				AB9C43392303A36D00E42DF4 /* main.m in Sources */,
				AB9C432B2303A36B00E42DF4 /* AppDelegate.m in Sources */,
			);
			runOnlyForDeploymentPostprocessing = 0;
		};
		AB9C43552303A74900E42DF4 /* Sources */ = {
			isa = PBXSourcesBuildPhase;
			buildActionMask = 2147483647;
			files = (
				AB9C437B2305012500E42DF4 /* OrderInfo.m in Sources */,
				AB9C437C2305012500E42DF4 /* UQPayApi.m in Sources */,
			);
			runOnlyForDeploymentPostprocessing = 0;
		};
/* End PBXSourcesBuildPhase section */

/* Begin PBXVariantGroup section */
		AB9C432F2303A36B00E42DF4 /* Main.storyboard */ = {
			isa = PBXVariantGroup;
			children = (
				AB9C43302303A36B00E42DF4 /* Base */,
			);
			name = Main.storyboard;
			sourceTree = "<group>";
		};
		AB9C43342303A36D00E42DF4 /* LaunchScreen.storyboard */ = {
			isa = PBXVariantGroup;
			children = (
				AB9C43352303A36D00E42DF4 /* Base */,
			);
			name = LaunchScreen.storyboard;
			sourceTree = "<group>";
		};
/* End PBXVariantGroup section */

/* Begin XCBuildConfiguration section */
		AB9C433A2303A36D00E42DF4 /* Debug */ = {
			isa = XCBuildConfiguration;
			buildSettings = {
				ALWAYS_SEARCH_USER_PATHS = NO;
				CLANG_ANALYZER_NONNULL = YES;
				CLANG_ANALYZER_NUMBER_OBJECT_CONVERSION = YES_AGGRESSIVE;
				CLANG_CXX_LANGUAGE_STANDARD = "gnu++14";
				CLANG_CXX_LIBRARY = "libc++";
				CLANG_ENABLE_MODULES = YES;
				CLANG_ENABLE_OBJC_ARC = YES;
				CLANG_ENABLE_OBJC_WEAK = YES;
				CLANG_WARN_BLOCK_CAPTURE_AUTORELEASING = YES;
				CLANG_WARN_BOOL_CONVERSION = YES;
				CLANG_WARN_COMMA = YES;
				CLANG_WARN_CONSTANT_CONVERSION = YES;
				CLANG_WARN_DEPRECATED_OBJC_IMPLEMENTATIONS = YES;
				CLANG_WARN_DIRECT_OBJC_ISA_USAGE = YES_ERROR;
				CLANG_WARN_DOCUMENTATION_COMMENTS = YES;
				CLANG_WARN_EMPTY_BODY = YES;
				CLANG_WARN_ENUM_CONVERSION = YES;
				CLANG_WARN_INFINITE_RECURSION = YES;
				CLANG_WARN_INT_CONVERSION = YES;
				CLANG_WARN_NON_LITERAL_NULL_CONVERSION = YES;
				CLANG_WARN_OBJC_IMPLICIT_RETAIN_SELF = YES;
				CLANG_WARN_OBJC_LITERAL_CONVERSION = YES;
				CLANG_WARN_OBJC_ROOT_CLASS = YES_ERROR;
				CLANG_WARN_RANGE_LOOP_ANALYSIS = YES;
				CLANG_WARN_STRICT_PROTOTYPES = YES;
				CLANG_WARN_SUSPICIOUS_MOVE = YES;
				CLANG_WARN_UNGUARDED_AVAILABILITY = YES_AGGRESSIVE;
				CLANG_WARN_UNREACHABLE_CODE = YES;
				CLANG_WARN__DUPLICATE_METHOD_MATCH = YES;
				CODE_SIGN_IDENTITY = "iPhone Developer";
				COPY_PHASE_STRIP = NO;
				DEBUG_INFORMATION_FORMAT = dwarf;
				ENABLE_STRICT_OBJC_MSGSEND = YES;
				ENABLE_TESTABILITY = YES;
				GCC_C_LANGUAGE_STANDARD = gnu11;
				GCC_DYNAMIC_NO_PIC = NO;
				GCC_NO_COMMON_BLOCKS = YES;
				GCC_OPTIMIZATION_LEVEL = 0;
				GCC_PREPROCESSOR_DEFINITIONS = (
					"DEBUG=1",
					"$(inherited)",
				);
				GCC_WARN_64_TO_32_BIT_CONVERSION = YES;
				GCC_WARN_ABOUT_RETURN_TYPE = YES_ERROR;
				GCC_WARN_UNDECLARED_SELECTOR = YES;
				GCC_WARN_UNINITIALIZED_AUTOS = YES_AGGRESSIVE;
				GCC_WARN_UNUSED_FUNCTION = YES;
				GCC_WARN_UNUSED_VARIABLE = YES;
				IPHONEOS_DEPLOYMENT_TARGET = 12.4;
				MTL_ENABLE_DEBUG_INFO = INCLUDE_SOURCE;
				MTL_FAST_MATH = YES;
				ONLY_ACTIVE_ARCH = YES;
				SDKROOT = iphoneos;
			};
			name = Debug;
		};
		AB9C433B2303A36D00E42DF4 /* Release */ = {
			isa = XCBuildConfiguration;
			buildSettings = {
				ALWAYS_SEARCH_USER_PATHS = NO;
				CLANG_ANALYZER_NONNULL = YES;
				CLANG_ANALYZER_NUMBER_OBJECT_CONVERSION = YES_AGGRESSIVE;
				CLANG_CXX_LANGUAGE_STANDARD = "gnu++14";
				CLANG_CXX_LIBRARY = "libc++";
				CLANG_ENABLE_MODULES = YES;
				CLANG_ENABLE_OBJC_ARC = YES;
				CLANG_ENABLE_OBJC_WEAK = YES;
				CLANG_WARN_BLOCK_CAPTURE_AUTORELEASING = YES;
				CLANG_WARN_BOOL_CONVERSION = YES;
				CLANG_WARN_COMMA = YES;
				CLANG_WARN_CONSTANT_CONVERSION = YES;
				CLANG_WARN_DEPRECATED_OBJC_IMPLEMENTATIONS = YES;
				CLANG_WARN_DIRECT_OBJC_ISA_USAGE = YES_ERROR;
				CLANG_WARN_DOCUMENTATION_COMMENTS = YES;
				CLANG_WARN_EMPTY_BODY = YES;
				CLANG_WARN_ENUM_CONVERSION = YES;
				CLANG_WARN_INFINITE_RECURSION = YES;
				CLANG_WARN_INT_CONVERSION = YES;
				CLANG_WARN_NON_LITERAL_NULL_CONVERSION = YES;
				CLANG_WARN_OBJC_IMPLICIT_RETAIN_SELF = YES;
				CLANG_WARN_OBJC_LITERAL_CONVERSION = YES;
				CLANG_WARN_OBJC_ROOT_CLASS = YES_ERROR;
				CLANG_WARN_RANGE_LOOP_ANALYSIS = YES;
				CLANG_WARN_STRICT_PROTOTYPES = YES;
				CLANG_WARN_SUSPICIOUS_MOVE = YES;
				CLANG_WARN_UNGUARDED_AVAILABILITY = YES_AGGRESSIVE;
				CLANG_WARN_UNREACHABLE_CODE = YES;
				CLANG_WARN__DUPLICATE_METHOD_MATCH = YES;
				CODE_SIGN_IDENTITY = "iPhone Developer";
				COPY_PHASE_STRIP = NO;
				DEBUG_INFORMATION_FORMAT = "dwarf-with-dsym";
				ENABLE_NS_ASSERTIONS = NO;
				ENABLE_STRICT_OBJC_MSGSEND = YES;
				GCC_C_LANGUAGE_STANDARD = gnu11;
				GCC_NO_COMMON_BLOCKS = YES;
				GCC_WARN_64_TO_32_BIT_CONVERSION = YES;
				GCC_WARN_ABOUT_RETURN_TYPE = YES_ERROR;
				GCC_WARN_UNDECLARED_SELECTOR = YES;
				GCC_WARN_UNINITIALIZED_AUTOS = YES_AGGRESSIVE;
				GCC_WARN_UNUSED_FUNCTION = YES;
				GCC_WARN_UNUSED_VARIABLE = YES;
				IPHONEOS_DEPLOYMENT_TARGET = 12.4;
				MTL_ENABLE_DEBUG_INFO = NO;
				MTL_FAST_MATH = YES;
				SDKROOT = iphoneos;
				VALIDATE_PRODUCT = YES;
			};
			name = Release;
		};
		AB9C433D2303A36D00E42DF4 /* Debug */ = {
			isa = XCBuildConfiguration;
			baseConfigurationReference = D7D78C3D1EB6976960BEC592 /* Pods-UQPAY_SDK_Project.debug.xcconfig */;
			buildSettings = {
				ASSETCATALOG_COMPILER_APPICON_NAME = AppIcon;
				CODE_SIGN_STYLE = Automatic;
				DEVELOPMENT_TEAM = A49NAB2WWT;
				FRAMEWORK_SEARCH_PATHS = (
					"$(inherited)",
					"$(PROJECT_DIR)/UQPAY_SDK_Project",
					"$(PROJECT_DIR)",
				);
				INFOPLIST_FILE = UQPAY_SDK_Project/Info.plist;
				IPHONEOS_DEPLOYMENT_TARGET = 9.0;
				LD_RUNPATH_SEARCH_PATHS = (
					"$(inherited)",
					"@executable_path/Frameworks",
				);
				LIBRARY_SEARCH_PATHS = (
					"$(inherited)",
					"$(PROJECT_DIR)/UQPAY_SDK",
				);
				OTHER_LDFLAGS = (
					"-ObjC",
					"$(inherited)",
				);
				OTHER_LIBTOOLFLAGS = "";
				PRODUCT_BUNDLE_IDENTIFIER = "com.uqpay.UQPAY-SDK-Project";
				PRODUCT_NAME = "$(TARGET_NAME)";
				TARGETED_DEVICE_FAMILY = "1,2";
			};
			name = Debug;
		};
		AB9C433E2303A36D00E42DF4 /* Release */ = {
			isa = XCBuildConfiguration;
			baseConfigurationReference = E3D4F7EAA08EEA356F0BB5BC /* Pods-UQPAY_SDK_Project.release.xcconfig */;
			buildSettings = {
				ASSETCATALOG_COMPILER_APPICON_NAME = AppIcon;
				CODE_SIGN_STYLE = Automatic;
				DEVELOPMENT_TEAM = A49NAB2WWT;
				FRAMEWORK_SEARCH_PATHS = (
					"$(inherited)",
					"$(PROJECT_DIR)/UQPAY_SDK_Project",
					"$(PROJECT_DIR)",
				);
				INFOPLIST_FILE = UQPAY_SDK_Project/Info.plist;
				IPHONEOS_DEPLOYMENT_TARGET = 9.0;
				LD_RUNPATH_SEARCH_PATHS = (
					"$(inherited)",
					"@executable_path/Frameworks",
				);
				LIBRARY_SEARCH_PATHS = (
					"$(inherited)",
					"$(PROJECT_DIR)/UQPAY_SDK",
				);
				OTHER_LDFLAGS = (
					"-ObjC",
					"$(inherited)",
				);
				OTHER_LIBTOOLFLAGS = "";
				PRODUCT_BUNDLE_IDENTIFIER = "com.uqpay.UQPAY-SDK-Project";
				PRODUCT_NAME = "$(TARGET_NAME)";
				TARGETED_DEVICE_FAMILY = "1,2";
			};
			name = Release;
		};
		AB9C435E2303A74900E42DF4 /* Debug */ = {
			isa = XCBuildConfiguration;
			baseConfigurationReference = D6804FC8343FD7D5D896C7FE /* Pods-UQPAYSDK.debug.xcconfig */;
			buildSettings = {
				ARCHS = "$(ARCHS_STANDARD)";
				CODE_SIGN_IDENTITY = "iPhone Developer";
				CODE_SIGN_STYLE = Automatic;
				COMBINE_HIDPI_IMAGES = YES;
				CURRENT_PROJECT_VERSION = 1;
				DEFINES_MODULE = YES;
				DEVELOPMENT_TEAM = A49NAB2WWT;
				DYLIB_COMPATIBILITY_VERSION = 1;
				DYLIB_CURRENT_VERSION = 1;
				DYLIB_INSTALL_NAME_BASE = "@rpath";
				FRAMEWORK_VERSION = A;
				INFOPLIST_FILE = "$(SRCROOT)/UQPAYSDK/Info.plist";
				INSTALL_PATH = "$(LOCAL_LIBRARY_DIR)/Frameworks";
				IPHONEOS_DEPLOYMENT_TARGET = 9.0;
				LD_RUNPATH_SEARCH_PATHS = (
					"$(inherited)",
					"@executable_path/../Frameworks",
					"@loader_path/Frameworks",
				);
				LIBRARY_SEARCH_PATHS = (
					"$(inherited)",
					"$(PROJECT_DIR)/UQPAY_SDK",
					"$(PROJECT_DIR)/UQPAYSDK",
				);
				MACH_O_TYPE = staticlib;
				MACOSX_DEPLOYMENT_TARGET = 10.14;
				ONLY_ACTIVE_ARCH = NO;
				OTHER_LDFLAGS = (
					"$(inherited)",
					"-ObjC",
				);
				PRODUCT_BUNDLE_IDENTIFIER = "com.uqpay.UQPAY-SDK";
				PRODUCT_NAME = "$(TARGET_NAME:c99extidentifier)";
				PROVISIONING_PROFILE_SPECIFIER = "";
				SDKROOT = iphoneos;
				SKIP_INSTALL = YES;
				TARGETED_DEVICE_FAMILY = "1,2";
				VERSIONING_SYSTEM = "apple-generic";
				VERSION_INFO_PREFIX = "";
			};
			name = Debug;
		};
		AB9C435F2303A74900E42DF4 /* Release */ = {
			isa = XCBuildConfiguration;
			baseConfigurationReference = 8B2D1C12AA5FEB199393C1BC /* Pods-UQPAYSDK.release.xcconfig */;
			buildSettings = {
				ARCHS = "$(ARCHS_STANDARD)";
				CODE_SIGN_IDENTITY = "iPhone Developer";
				CODE_SIGN_STYLE = Automatic;
				COMBINE_HIDPI_IMAGES = YES;
				CURRENT_PROJECT_VERSION = 1;
				DEFINES_MODULE = YES;
				DEVELOPMENT_TEAM = A49NAB2WWT;
				DYLIB_COMPATIBILITY_VERSION = 1;
				DYLIB_CURRENT_VERSION = 1;
				DYLIB_INSTALL_NAME_BASE = "@rpath";
				FRAMEWORK_VERSION = A;
				INFOPLIST_FILE = "$(SRCROOT)/UQPAYSDK/Info.plist";
				INSTALL_PATH = "$(LOCAL_LIBRARY_DIR)/Frameworks";
				IPHONEOS_DEPLOYMENT_TARGET = 9.0;
				LD_RUNPATH_SEARCH_PATHS = (
					"$(inherited)",
					"@executable_path/../Frameworks",
					"@loader_path/Frameworks",
				);
				LIBRARY_SEARCH_PATHS = (
					"$(inherited)",
					"$(PROJECT_DIR)/UQPAY_SDK",
					"$(PROJECT_DIR)/UQPAYSDK",
				);
				MACH_O_TYPE = staticlib;
				MACOSX_DEPLOYMENT_TARGET = 10.14;
				ONLY_ACTIVE_ARCH = NO;
				OTHER_LDFLAGS = (
					"$(inherited)",
					"-ObjC",
				);
				PRODUCT_BUNDLE_IDENTIFIER = "com.uqpay.UQPAY-SDK";
				PRODUCT_NAME = "$(TARGET_NAME:c99extidentifier)";
				PROVISIONING_PROFILE_SPECIFIER = "";
				SDKROOT = iphoneos;
				SKIP_INSTALL = YES;
				TARGETED_DEVICE_FAMILY = "1,2";
				VERSIONING_SYSTEM = "apple-generic";
				VERSION_INFO_PREFIX = "";
			};
			name = Release;
		};
/* End XCBuildConfiguration section */

/* Begin XCConfigurationList section */
		AB9C43212303A36B00E42DF4 /* Build configuration list for PBXProject "UQPAY_SDK_Project" */ = {
			isa = XCConfigurationList;
			buildConfigurations = (
				AB9C433A2303A36D00E42DF4 /* Debug */,
				AB9C433B2303A36D00E42DF4 /* Release */,
			);
			defaultConfigurationIsVisible = 0;
			defaultConfigurationName = Release;
		};
		AB9C433C2303A36D00E42DF4 /* Build configuration list for PBXNativeTarget "UQPAY_SDK_Project" */ = {
			isa = XCConfigurationList;
			buildConfigurations = (
				AB9C433D2303A36D00E42DF4 /* Debug */,
				AB9C433E2303A36D00E42DF4 /* Release */,
			);
			defaultConfigurationIsVisible = 0;
			defaultConfigurationName = Release;
		};
		AB9C43602303A74900E42DF4 /* Build configuration list for PBXNativeTarget "UQPAYSDK" */ = {
			isa = XCConfigurationList;
			buildConfigurations = (
				AB9C435E2303A74900E42DF4 /* Debug */,
				AB9C435F2303A74900E42DF4 /* Release */,
			);
			defaultConfigurationIsVisible = 0;
			defaultConfigurationName = Release;
		};
/* End XCConfigurationList section */
	};
	rootObject = AB9C431E2303A36B00E42DF4 /* Project object */;
}
